// !$*UTF8*$!
{
	archiveVersion = 1;
	classes = {
	};
	objectVersion = 48;
	objects = {

/* Begin PBXBuildFile section */
		677D58951F7FCB7000E364EC /* AppDelegate.swift in Sources */ = {isa = PBXBuildFile; fileRef = 677D58941F7FCB7000E364EC /* AppDelegate.swift */; };
		677D58971F7FCB7000E364EC /* ViewController.swift in Sources */ = {isa = PBXBuildFile; fileRef = 677D58961F7FCB7000E364EC /* ViewController.swift */; };
		677D589A1F7FCB7000E364EC /* Main.storyboard in Resources */ = {isa = PBXBuildFile; fileRef = 677D58981F7FCB7000E364EC /* Main.storyboard */; };
		677D589D1F7FCB7000E364EC /* Gesture_Recognizer.xcdatamodeld in Sources */ = {isa = PBXBuildFile; fileRef = 677D589B1F7FCB7000E364EC /* Gesture_Recognizer.xcdatamodeld */; };
		677D589F1F7FCB7000E364EC /* Assets.xcassets in Resources */ = {isa = PBXBuildFile; fileRef = 677D589E1F7FCB7000E364EC /* Assets.xcassets */; };
		677D58A21F7FCB7000E364EC /* LaunchScreen.storyboard in Resources */ = {isa = PBXBuildFile; fileRef = 677D58A01F7FCB7000E364EC /* LaunchScreen.storyboard */; };
/* End PBXBuildFile section */

/* Begin PBXFileReference section */
		677D58911F7FCB7000E364EC /* Gesture Recognizer.app */ = {isa = PBXFileReference; explicitFileType = wrapper.application; includeInIndex = 0; path = "Gesture Recognizer.app"; sourceTree = BUILT_PRODUCTS_DIR; };
		677D58941F7FCB7000E364EC /* AppDelegate.swift */ = {isa = PBXFileReference; lastKnownFileType = sourcecode.swift; path = AppDelegate.swift; sourceTree = "<group>"; };
		677D58961F7FCB7000E364EC /* ViewController.swift */ = {isa = PBXFileReference; lastKnownFileType = sourcecode.swift; path = ViewController.swift; sourceTree = "<group>"; };
		677D58991F7FCB7000E364EC /* Base */ = {isa = PBXFileReference; lastKnownFileType = file.storyboard; name = Base; path = Base.lproj/Main.storyboard; sourceTree = "<group>"; };
		677D589C1F7FCB7000E364EC /* Gesture_Recognizer.xcdatamodel */ = {isa = PBXFileReference; lastKnownFileType = wrapper.xcdatamodel; path = Gesture_Recognizer.xcdatamodel; sourceTree = "<group>"; };
		677D589E1F7FCB7000E364EC /* Assets.xcassets */ = {isa = PBXFileReference; lastKnownFileType = folder.assetcatalog; path = Assets.xcassets; sourceTree = "<group>"; };
		677D58A11F7FCB7000E364EC /* Base */ = {isa = PBXFileReference; lastKnownFileType = file.storyboard; name = Base; path = Base.lproj/LaunchScreen.storyboard; sourceTree = "<group>"; };
		677D58A31F7FCB7000E364EC /* Info.plist */ = {isa = PBXFileReference; lastKnownFileType = text.plist.xml; path = Info.plist; sourceTree = "<group>"; };
/* End PBXFileReference section */

/* Begin PBXFrameworksBuildPhase section */
		677D588E1F7FCB7000E364EC /* Frameworks */ = {
			isa = PBXFrameworksBuildPhase;
			buildActionMask = 2147483647;
			files = (
			);
			runOnlyForDeploymentPostprocessing = 0;
		};
/* End PBXFrameworksBuildPhase section */

/* Begin PBXGroup section */
		677D58881F7FCB7000E364EC = {
			isa = PBXGroup;
			children = (
				677D58931F7FCB7000E364EC /* Gesture Recognizer */,
				677D58921F7FCB7000E364EC /* Products */,
			);
			sourceTree = "<group>";
		};
		677D58921F7FCB7000E364EC /* Products */ = {
			isa = PBXGroup;
			children = (
				677D58911F7FCB7000E364EC /* Gesture Recognizer.app */,
			);
			name = Products;
			sourceTree = "<group>";
		};
		677D58931F7FCB7000E364EC /* Gesture Recognizer */ = {
			isa = PBXGroup;
			children = (
				677D58941F7FCB7000E364EC /* AppDelegate.swift */,
				677D58961F7FCB7000E364EC /* ViewController.swift */,
				677D58981F7FCB7000E364EC /* Main.storyboard */,
				677D589E1F7FCB7000E364EC /* Assets.xcassets */,
				677D58A01F7FCB7000E364EC /* LaunchScreen.storyboard */,
				677D58A31F7FCB7000E364EC /* Info.plist */,
				677D589B1F7FCB7000E364EC /* Gesture_Recognizer.xcdatamodeld */,
			);
			path = "Gesture Recognizer";
			sourceTree = "<group>";
		};
/* End PBXGroup section */

/* Begin PBXNativeTarget section */
		677D58901F7FCB7000E364EC /* Gesture Recognizer */ = {
			isa = PBXNativeTarget;
			buildConfigurationList = 677D58A61F7FCB7000E364EC /* Build configuration list for PBXNativeTarget "Gesture Recognizer" */;
			buildPhases = (
				677D588D1F7FCB7000E364EC /* Sources */,
				677D588E1F7FCB7000E364EC /* Frameworks */,
				677D588F1F7FCB7000E364EC /* Resources */,
			);
			buildRules = (
			);
			dependencies = (
			);
			name = "Gesture Recognizer";
			productName = "Gesture Recognizer";
			productReference = 677D58911F7FCB7000E364EC /* Gesture Recognizer.app */;
			productType = "com.apple.product-type.application";
		};
/* End PBXNativeTarget section */

/* Begin PBXProject section */
		677D58891F7FCB7000E364EC /* Project object */ = {
			isa = PBXProject;
			attributes = {
				LastSwiftUpdateCheck = 0900;
				LastUpgradeCheck = 0900;
				ORGANIZATIONNAME = "Burak Yıldırım";
				TargetAttributes = {
					677D58901F7FCB7000E364EC = {
						CreatedOnToolsVersion = 9.0;
						ProvisioningStyle = Automatic;
					};
				};
			};
			buildConfigurationList = 677D588C1F7FCB7000E364EC /* Build configuration list for PBXProject "Gesture Recognizer" */;
			compatibilityVersion = "Xcode 8.0";
			developmentRegion = en;
			hasScannedForEncodings = 0;
			knownRegions = (
				en,
				Base,
			);
			mainGroup = 677D58881F7FCB7000E364EC;
			productRefGroup = 677D58921F7FCB7000E364EC /* Products */;
			projectDirPath = "";
			projectRoot = "";
			targets = (
				677D58901F7FCB7000E364EC /* Gesture Recognizer */,
			);
		};
/* End PBXProject section */

/* Begin PBXResourcesBuildPhase section */
		677D588F1F7FCB7000E364EC /* Resources */ = {
			isa = PBXResourcesBuildPhase;
			buildActionMask = 2147483647;
			files = (
				677D58A21F7FCB7000E364EC /* LaunchScreen.storyboard in Resources */,
				677D589F1F7FCB7000E364EC /* Assets.xcassets in Resources */,
				677D589A1F7FCB7000E364EC /* Main.storyboard in Resources */,
			);
			runOnlyForDeploymentPostprocessing = 0;
		};
/* End PBXResourcesBuildPhase section */

/* Begin PBXSourcesBuildPhase section */
		677D588D1F7FCB7000E364EC /* Sources */ = {
			isa = PBXSourcesBuildPhase;
			buildActionMask = 2147483647;
			files = (
				677D589D1F7FCB7000E364EC /* Gesture_Recognizer.xcdatamodeld in Sources */,
				677D58971F7FCB7000E364EC /* ViewController.swift in Sources */,
				677D58951F7FCB7000E364EC /* AppDelegate.swift in Sources */,
			);
			runOnlyForDeploymentPostprocessing = 0;
		};
/* End PBXSourcesBuildPhase section */

/* Begin PBXVariantGroup section */
		677D58981F7FCB7000E364EC /* Main.storyboard */ = {
			isa = PBXVariantGroup;
			children = (
				677D58991F7FCB7000E364EC /* Base */,
			);
			name = Main.storyboard;
			sourceTree = "<group>";
		};
		677D58A01F7FCB7000E364EC /* LaunchScreen.storyboard */ = {
			isa = PBXVariantGroup;
			children = (
				677D58A11F7FCB7000E364EC /* Base */,
			);
			name = LaunchScreen.storyboard;
			sourceTree = "<group>";
		};
/* End PBXVariantGroup section */

/* Begin XCBuildConfiguration section */
		677D58A41F7FCB7000E364EC /* Debug */ = {
			isa = XCBuildConfiguration;
			buildSettings = {
				ALWAYS_SEARCH_USER_PATHS = NO;
				CLANG_ANALYZER_NONNULL = YES;
				CLANG_ANALYZER_NUMBER_OBJECT_CONVERSION = YES_AGGRESSIVE;
				CLANG_CXX_LANGUAGE_STANDARD = "gnu++14";
				CLANG_CXX_LIBRARY = "libc++";
				CLANG_ENABLE_MODULES = YES;
				CLANG_ENABLE_OBJC_ARC = YES;
				CLANG_WARN_BLOCK_CAPTURE_AUTORELEASING = YES;
				CLANG_WARN_BOOL_CONVERSION = YES;
				CLANG_WARN_COMMA = YES;
				CLANG_WARN_CONSTANT_CONVERSION = YES;
				CLANG_WARN_DIRECT_OBJC_ISA_USAGE = YES_ERROR;
				CLANG_WARN_DOCUMENTATION_COMMENTS = YES;
				CLANG_WARN_EMPTY_BODY = YES;
				CLANG_WARN_ENUM_CONVERSION = YES;
				CLANG_WARN_INFINITE_RECURSION = YES;
				CLANG_WARN_INT_CONVERSION = YES;
				CLANG_WARN_NON_LITERAL_NULL_CONVERSION = YES;
				CLANG_WARN_OBJC_LITERAL_CONVERSION = YES;
				CLANG_WARN_OBJC_ROOT_CLASS = YES_ERROR;
				CLANG_WARN_RANGE_LOOP_ANALYSIS = YES;
				CLANG_WARN_STRICT_PROTOTYPES = YES;
				CLANG_WARN_SUSPICIOUS_MOVE = YES;
				CLANG_WARN_UNGUARDED_AVAILABILITY = YES_AGGRESSIVE;
				CLANG_WARN_UNREACHABLE_CODE = YES;
				CLANG_WARN__DUPLICATE_METHOD_MATCH = YES;
				CODE_SIGN_IDENTITY = "iPhone Developer";
				COPY_PHASE_STRIP = NO;
				DEBUG_INFORMATION_FORMAT = dwarf;
				ENABLE_STRICT_OBJC_MSGSEND = YES;
				ENABLE_TESTABILITY = YES;
				GCC_C_LANGUAGE_STANDARD = gnu11;
				GCC_DYNAMIC_NO_PIC = NO;
				GCC_NO_COMMON_BLOCKS = YES;
				GCC_OPTIMIZATION_LEVEL = 0;
				GCC_PREPROCESSOR_DEFINITIONS = (
					"DEBUG=1",
					"$(inherited)",
				);
				GCC_WARN_64_TO_32_BIT_CONVERSION = YES;
				GCC_WARN_ABOUT_RETURN_TYPE = YES_ERROR;
				GCC_WARN_UNDECLARED_SELECTOR = YES;
				GCC_WARN_UNINITIALIZED_AUTOS = YES_AGGRESSIVE;
				GCC_WARN_UNUSED_FUNCTION = YES;
				GCC_WARN_UNUSED_VARIABLE = YES;
				IPHONEOS_DEPLOYMENT_TARGET = 11.0;
				MTL_ENABLE_DEBUG_INFO = YES;
				ONLY_ACTIVE_ARCH = YES;
				SDKROOT = iphoneos;
				SWIFT_ACTIVE_COMPILATION_CONDITIONS = DEBUG;
				SWIFT_OPTIMIZATION_LEVEL = "-Onone";
			};
			name = Debug;
		};
		677D58A51F7FCB7000E364EC /* Release */ = {
			isa = XCBuildConfiguration;
			buildSettings = {
				ALWAYS_SEARCH_USER_PATHS = NO;
				CLANG_ANALYZER_NONNULL = YES;
				CLANG_ANALYZER_NUMBER_OBJECT_CONVERSION = YES_AGGRESSIVE;
				CLANG_CXX_LANGUAGE_STANDARD = "gnu++14";
				CLANG_CXX_LIBRARY = "libc++";
				CLANG_ENABLE_MODULES = YES;
				CLANG_ENABLE_OBJC_ARC = YES;
				CLANG_WARN_BLOCK_CAPTURE_AUTORELEASING = YES;
				CLANG_WARN_BOOL_CONVERSION = YES;
				CLANG_WARN_COMMA = YES;
				CLANG_WARN_CONSTANT_CONVERSION = YES;
				CLANG_WARN_DIRECT_OBJC_ISA_USAGE = YES_ERROR;
				CLANG_WARN_DOCUMENTATION_COMMENTS = YES;
				CLANG_WARN_EMPTY_BODY = YES;
				CLANG_WARN_ENUM_CONVERSION = YES;
				CLANG_WARN_INFINITE_RECURSION = YES;
				CLANG_WARN_INT_CONVERSION = YES;
				CLANG_WARN_NON_LITERAL_NULL_CONVERSION = YES;
				CLANG_WARN_OBJC_LITERAL_CONVERSION = YES;
				CLANG_WARN_OBJC_ROOT_CLASS = YES_ERROR;
				CLANG_WARN_RANGE_LOOP_ANALYSIS = YES;
				CLANG_WARN_STRICT_PROTOTYPES = YES;
				CLANG_WARN_SUSPICIOUS_MOVE = YES;
				CLANG_WARN_UNGUARDED_AVAILABILITY = YES_AGGRESSIVE;
				CLANG_WARN_UNREACHABLE_CODE = YES;
				CLANG_WARN__DUPLICATE_METHOD_MATCH = YES;
				CODE_SIGN_IDENTITY = "iPhone Developer";
				COPY_PHASE_STRIP = NO;
				DEBUG_INFORMATION_FORMAT = "dwarf-with-dsym";
				ENABLE_NS_ASSERTIONS = NO;
				ENABLE_STRICT_OBJC_MSGSEND = YES;
				GCC_C_LANGUAGE_STANDARD = gnu11;
				GCC_NO_COMMON_BLOCKS = YES;
				GCC_WARN_64_TO_32_BIT_CONVERSION = YES;
				GCC_WARN_ABOUT_RETURN_TYPE = YES_ERROR;
				GCC_WARN_UNDECLARED_SELECTOR = YES;
				GCC_WARN_UNINITIALIZED_AUTOS = YES_AGGRESSIVE;
				GCC_WARN_UNUSED_FUNCTION = YES;
				GCC_WARN_UNUSED_VARIABLE = YES;
				IPHONEOS_DEPLOYMENT_TARGET = 11.0;
				MTL_ENABLE_DEBUG_INFO = NO;
				SDKROOT = iphoneos;
				SWIFT_OPTIMIZATION_LEVEL = "-Owholemodule";
				VALIDATE_PRODUCT = YES;
			};
			name = Release;
		};
		677D58A71F7FCB7000E364EC /* Debug */ = {
			isa = XCBuildConfiguration;
			buildSettings = {
				ASSETCATALOG_COMPILER_APPICON_NAME = AppIcon;
				CODE_SIGN_STYLE = Automatic;
				DEVELOPMENT_TEAM = V5A8395KT3;
				INFOPLIST_FILE = "Gesture Recognizer/Info.plist";
				LD_RUNPATH_SEARCH_PATHS = "$(inherited) @executable_path/Frameworks";
				PRODUCT_BUNDLE_IDENTIFIER = "com.burakyildirim.Gesture-Recognizer";
				PRODUCT_NAME = "$(TARGET_NAME)";
				SWIFT_VERSION = 4.0;
				TARGETED_DEVICE_FAMILY = "1,2";
			};
			name = Debug;
		};
		677D58A81F7FCB7000E364EC /* Release */ = {
			isa = XCBuildConfiguration;
			buildSettings = {
				ASSETCATALOG_COMPILER_APPICON_NAME = AppIcon;
				CODE_SIGN_STYLE = Automatic;
				DEVELOPMENT_TEAM = V5A8395KT3;
				INFOPLIST_FILE = "Gesture Recognizer/Info.plist";
				LD_RUNPATH_SEARCH_PATHS = "$(inherited) @executable_path/Frameworks";
				PRODUCT_BUNDLE_IDENTIFIER = "com.burakyildirim.Gesture-Recognizer";
				PRODUCT_NAME = "$(TARGET_NAME)";
				SWIFT_VERSION = 4.0;
				TARGETED_DEVICE_FAMILY = "1,2";
			};
			name = Release;
		};
/* End XCBuildConfiguration section */

/* Begin XCConfigurationList section */
		677D588C1F7FCB7000E364EC /* Build configuration list for PBXProject "Gesture Recognizer" */ = {
			isa = XCConfigurationList;
			buildConfigurations = (
				677D58A41F7FCB7000E364EC /* Debug */,
				677D58A51F7FCB7000E364EC /* Release */,
			);
			defaultConfigurationIsVisible = 0;
			defaultConfigurationName = Release;
		};
		677D58A61F7FCB7000E364EC /* Build configuration list for PBXNativeTarget "Gesture Recognizer" */ = {
			isa = XCConfigurationList;
			buildConfigurations = (
				677D58A71F7FCB7000E364EC /* Debug */,
				677D58A81F7FCB7000E364EC /* Release */,
			);
			defaultConfigurationIsVisible = 0;
			defaultConfigurationName = Release;
		};
/* End XCConfigurationList section */

/* Begin XCVersionGroup section */
		677D589B1F7FCB7000E364EC /* Gesture_Recognizer.xcdatamodeld */ = {
			isa = XCVersionGroup;
			children = (
				677D589C1F7FCB7000E364EC /* Gesture_Recognizer.xcdatamodel */,
			);
			currentVersion = 677D589C1F7FCB7000E364EC /* Gesture_Recognizer.xcdatamodel */;
			path = Gesture_Recognizer.xcdatamodeld;
			sourceTree = "<group>";
			versionGroupType = wrapper.xcdatamodel;
		};
/* End XCVersionGroup section */
	};
	rootObject = 677D58891F7FCB7000E364EC /* Project object */;
}
